// !$*UTF8*$!
{
	archiveVersion = 1;
	classes = {
	};
	objectVersion = 50;
	objects = {

/* Begin PBXBuildFile section */
		60BE86A2242CE0DF00A19CDC /* AppDelegate.swift in Sources */ = {isa = PBXBuildFile; fileRef = 60BE86A1242CE0DF00A19CDC /* AppDelegate.swift */; };
		60BE86A4242CE0DF00A19CDC /* SceneDelegate.swift in Sources */ = {isa = PBXBuildFile; fileRef = 60BE86A3242CE0DF00A19CDC /* SceneDelegate.swift */; };
		60BE86A7242CE0DF00A19CDC /* PalindromeChecker.xcdatamodeld in Sources */ = {isa = PBXBuildFile; fileRef = 60BE86A5242CE0DF00A19CDC /* PalindromeChecker.xcdatamodeld */; };
		60BE86A9242CE0DF00A19CDC /* ContentView.swift in Sources */ = {isa = PBXBuildFile; fileRef = 60BE86A8242CE0DF00A19CDC /* ContentView.swift */; };
		60BE86AB242CE0E200A19CDC /* Assets.xcassets in Resources */ = {isa = PBXBuildFile; fileRef = 60BE86AA242CE0E200A19CDC /* Assets.xcassets */; };
		60BE86AE242CE0E200A19CDC /* Preview Assets.xcassets in Resources */ = {isa = PBXBuildFile; fileRef = 60BE86AD242CE0E200A19CDC /* Preview Assets.xcassets */; };
		60BE86B1242CE0E200A19CDC /* LaunchScreen.storyboard in Resources */ = {isa = PBXBuildFile; fileRef = 60BE86AF242CE0E200A19CDC /* LaunchScreen.storyboard */; };
		60BE86BC242CE0E300A19CDC /* PalindromeCheckerTests.swift in Sources */ = {isa = PBXBuildFile; fileRef = 60BE86BB242CE0E300A19CDC /* PalindromeCheckerTests.swift */; };
/* End PBXBuildFile section */

/* Begin PBXContainerItemProxy section */
		60BE86B8242CE0E300A19CDC /* PBXContainerItemProxy */ = {
			isa = PBXContainerItemProxy;
			containerPortal = 60BE8696242CE0DF00A19CDC /* Project object */;
			proxyType = 1;
			remoteGlobalIDString = 60BE869D242CE0DF00A19CDC;
			remoteInfo = PalindromeChecker;
		};
/* End PBXContainerItemProxy section */

/* Begin PBXFileReference section */
		60BE869E242CE0DF00A19CDC /* PalindromeChecker.app */ = {isa = PBXFileReference; explicitFileType = wrapper.application; includeInIndex = 0; path = PalindromeChecker.app; sourceTree = BUILT_PRODUCTS_DIR; };
		60BE86A1242CE0DF00A19CDC /* AppDelegate.swift */ = {isa = PBXFileReference; lastKnownFileType = sourcecode.swift; path = AppDelegate.swift; sourceTree = "<group>"; };
		60BE86A3242CE0DF00A19CDC /* SceneDelegate.swift */ = {isa = PBXFileReference; lastKnownFileType = sourcecode.swift; path = SceneDelegate.swift; sourceTree = "<group>"; };
		60BE86A6242CE0DF00A19CDC /* PalindromeChecker.xcdatamodel */ = {isa = PBXFileReference; lastKnownFileType = wrapper.xcdatamodel; path = PalindromeChecker.xcdatamodel; sourceTree = "<group>"; };
		60BE86A8242CE0DF00A19CDC /* ContentView.swift */ = {isa = PBXFileReference; lastKnownFileType = sourcecode.swift; path = ContentView.swift; sourceTree = "<group>"; };
		60BE86AA242CE0E200A19CDC /* Assets.xcassets */ = {isa = PBXFileReference; lastKnownFileType = folder.assetcatalog; path = Assets.xcassets; sourceTree = "<group>"; };
		60BE86AD242CE0E200A19CDC /* Preview Assets.xcassets */ = {isa = PBXFileReference; lastKnownFileType = folder.assetcatalog; path = "Preview Assets.xcassets"; sourceTree = "<group>"; };
		60BE86B0242CE0E200A19CDC /* Base */ = {isa = PBXFileReference; lastKnownFileType = file.storyboard; name = Base; path = Base.lproj/LaunchScreen.storyboard; sourceTree = "<group>"; };
		60BE86B2242CE0E200A19CDC /* Info.plist */ = {isa = PBXFileReference; lastKnownFileType = text.plist.xml; path = Info.plist; sourceTree = "<group>"; };
		60BE86B7242CE0E300A19CDC /* PalindromeCheckerTests.xctest */ = {isa = PBXFileReference; explicitFileType = wrapper.cfbundle; includeInIndex = 0; path = PalindromeCheckerTests.xctest; sourceTree = BUILT_PRODUCTS_DIR; };
		60BE86BB242CE0E300A19CDC /* PalindromeCheckerTests.swift */ = {isa = PBXFileReference; lastKnownFileType = sourcecode.swift; path = PalindromeCheckerTests.swift; sourceTree = "<group>"; };
		60BE86BD242CE0E300A19CDC /* Info.plist */ = {isa = PBXFileReference; lastKnownFileType = text.plist.xml; path = Info.plist; sourceTree = "<group>"; };
/* End PBXFileReference section */

/* Begin PBXFrameworksBuildPhase section */
		60BE869B242CE0DF00A19CDC /* Frameworks */ = {
			isa = PBXFrameworksBuildPhase;
			buildActionMask = 2147483647;
			files = (
			);
			runOnlyForDeploymentPostprocessing = 0;
		};
		60BE86B4242CE0E300A19CDC /* Frameworks */ = {
			isa = PBXFrameworksBuildPhase;
			buildActionMask = 2147483647;
			files = (
			);
			runOnlyForDeploymentPostprocessing = 0;
		};
/* End PBXFrameworksBuildPhase section */

/* Begin PBXGroup section */
		60BE8695242CE0DF00A19CDC = {
			isa = PBXGroup;
			children = (
				60BE86A0242CE0DF00A19CDC /* PalindromeChecker */,
				60BE86BA242CE0E300A19CDC /* PalindromeCheckerTests */,
				60BE869F242CE0DF00A19CDC /* Products */,
			);
			sourceTree = "<group>";
		};
		60BE869F242CE0DF00A19CDC /* Products */ = {
			isa = PBXGroup;
			children = (
				60BE869E242CE0DF00A19CDC /* PalindromeChecker.app */,
				60BE86B7242CE0E300A19CDC /* PalindromeCheckerTests.xctest */,
			);
			name = Products;
			sourceTree = "<group>";
		};
		60BE86A0242CE0DF00A19CDC /* PalindromeChecker */ = {
			isa = PBXGroup;
			children = (
				60BE86A1242CE0DF00A19CDC /* AppDelegate.swift */,
				60BE86A3242CE0DF00A19CDC /* SceneDelegate.swift */,
				60BE86A8242CE0DF00A19CDC /* ContentView.swift */,
				60BE86AA242CE0E200A19CDC /* Assets.xcassets */,
				60BE86AF242CE0E200A19CDC /* LaunchScreen.storyboard */,
				60BE86B2242CE0E200A19CDC /* Info.plist */,
				60BE86A5242CE0DF00A19CDC /* PalindromeChecker.xcdatamodeld */,
				60BE86AC242CE0E200A19CDC /* Preview Content */,
			);
			path = PalindromeChecker;
			sourceTree = "<group>";
		};
		60BE86AC242CE0E200A19CDC /* Preview Content */ = {
			isa = PBXGroup;
			children = (
				60BE86AD242CE0E200A19CDC /* Preview Assets.xcassets */,
			);
			path = "Preview Content";
			sourceTree = "<group>";
		};
		60BE86BA242CE0E300A19CDC /* PalindromeCheckerTests */ = {
			isa = PBXGroup;
			children = (
				60BE86BB242CE0E300A19CDC /* PalindromeCheckerTests.swift */,
				60BE86BD242CE0E300A19CDC /* Info.plist */,
			);
			path = PalindromeCheckerTests;
			sourceTree = "<group>";
		};
/* End PBXGroup section */

/* Begin PBXNativeTarget section */
		60BE869D242CE0DF00A19CDC /* PalindromeChecker */ = {
			isa = PBXNativeTarget;
			buildConfigurationList = 60BE86C0242CE0E300A19CDC /* Build configuration list for PBXNativeTarget "PalindromeChecker" */;
			buildPhases = (
				60BE869A242CE0DF00A19CDC /* Sources */,
				60BE869B242CE0DF00A19CDC /* Frameworks */,
				60BE869C242CE0DF00A19CDC /* Resources */,
			);
			buildRules = (
			);
			dependencies = (
			);
			name = PalindromeChecker;
			productName = PalindromeChecker;
			productReference = 60BE869E242CE0DF00A19CDC /* PalindromeChecker.app */;
			productType = "com.apple.product-type.application";
		};
		60BE86B6242CE0E300A19CDC /* PalindromeCheckerTests */ = {
			isa = PBXNativeTarget;
			buildConfigurationList = 60BE86C3242CE0E300A19CDC /* Build configuration list for PBXNativeTarget "PalindromeCheckerTests" */;
			buildPhases = (
				60BE86B3242CE0E300A19CDC /* Sources */,
				60BE86B4242CE0E300A19CDC /* Frameworks */,
				60BE86B5242CE0E300A19CDC /* Resources */,
			);
			buildRules = (
			);
			dependencies = (
				60BE86B9242CE0E300A19CDC /* PBXTargetDependency */,
			);
			name = PalindromeCheckerTests;
			productName = PalindromeCheckerTests;
			productReference = 60BE86B7242CE0E300A19CDC /* PalindromeCheckerTests.xctest */;
			productType = "com.apple.product-type.bundle.unit-test";
		};
/* End PBXNativeTarget section */

/* Begin PBXProject section */
		60BE8696242CE0DF00A19CDC /* Project object */ = {
			isa = PBXProject;
			attributes = {
				LastSwiftUpdateCheck = 1130;
				LastUpgradeCheck = 1130;
				ORGANIZATIONNAME = "Allen Savio";
				TargetAttributes = {
					60BE869D242CE0DF00A19CDC = {
						CreatedOnToolsVersion = 11.3.1;
					};
					60BE86B6242CE0E300A19CDC = {
						CreatedOnToolsVersion = 11.3.1;
						TestTargetID = 60BE869D242CE0DF00A19CDC;
					};
				};
			};
			buildConfigurationList = 60BE8699242CE0DF00A19CDC /* Build configuration list for PBXProject "PalindromeChecker" */;
			compatibilityVersion = "Xcode 9.3";
			developmentRegion = en;
			hasScannedForEncodings = 0;
			knownRegions = (
				en,
				Base,
			);
			mainGroup = 60BE8695242CE0DF00A19CDC;
			productRefGroup = 60BE869F242CE0DF00A19CDC /* Products */;
			projectDirPath = "";
			projectRoot = "";
			targets = (
				60BE869D242CE0DF00A19CDC /* PalindromeChecker */,
				60BE86B6242CE0E300A19CDC /* PalindromeCheckerTests */,
			);
		};
/* End PBXProject section */

/* Begin PBXResourcesBuildPhase section */
		60BE869C242CE0DF00A19CDC /* Resources */ = {
			isa = PBXResourcesBuildPhase;
			buildActionMask = 2147483647;
			files = (
				60BE86B1242CE0E200A19CDC /* LaunchScreen.storyboard in Resources */,
				60BE86AE242CE0E200A19CDC /* Preview Assets.xcassets in Resources */,
				60BE86AB242CE0E200A19CDC /* Assets.xcassets in Resources */,
			);
			runOnlyForDeploymentPostprocessing = 0;
		};
		60BE86B5242CE0E300A19CDC /* Resources */ = {
			isa = PBXResourcesBuildPhase;
			buildActionMask = 2147483647;
			files = (
			);
			runOnlyForDeploymentPostprocessing = 0;
		};
/* End PBXResourcesBuildPhase section */

/* Begin PBXSourcesBuildPhase section */
		60BE869A242CE0DF00A19CDC /* Sources */ = {
			isa = PBXSourcesBuildPhase;
			buildActionMask = 2147483647;
			files = (
				60BE86A2242CE0DF00A19CDC /* AppDelegate.swift in Sources */,
				60BE86A7242CE0DF00A19CDC /* PalindromeChecker.xcdatamodeld in Sources */,
				60BE86A9242CE0DF00A19CDC /* ContentView.swift in Sources */,
				60BE86A4242CE0DF00A19CDC /* SceneDelegate.swift in Sources */,
			);
			runOnlyForDeploymentPostprocessing = 0;
		};
		60BE86B3242CE0E300A19CDC /* Sources */ = {
			isa = PBXSourcesBuildPhase;
			buildActionMask = 2147483647;
			files = (
				60BE86BC242CE0E300A19CDC /* PalindromeCheckerTests.swift in Sources */,
			);
			runOnlyForDeploymentPostprocessing = 0;
		};
/* End PBXSourcesBuildPhase section */

/* Begin PBXTargetDependency section */
		60BE86B9242CE0E300A19CDC /* PBXTargetDependency */ = {
			isa = PBXTargetDependency;
			target = 60BE869D242CE0DF00A19CDC /* PalindromeChecker */;
			targetProxy = 60BE86B8242CE0E300A19CDC /* PBXContainerItemProxy */;
		};
/* End PBXTargetDependency section */

/* Begin PBXVariantGroup section */
		60BE86AF242CE0E200A19CDC /* LaunchScreen.storyboard */ = {
			isa = PBXVariantGroup;
			children = (
				60BE86B0242CE0E200A19CDC /* Base */,
			);
			name = LaunchScreen.storyboard;
			sourceTree = "<group>";
		};
/* End PBXVariantGroup section */

/* Begin XCBuildConfiguration section */
		60BE86BE242CE0E300A19CDC /* Debug */ = {
			isa = XCBuildConfiguration;
			buildSettings = {
				ALWAYS_SEARCH_USER_PATHS = NO;
				CLANG_ANALYZER_NONNULL = YES;
				CLANG_ANALYZER_NUMBER_OBJECT_CONVERSION = YES_AGGRESSIVE;
				CLANG_CXX_LANGUAGE_STANDARD = "gnu++14";
				CLANG_CXX_LIBRARY = "libc++";
				CLANG_ENABLE_MODULES = YES;
				CLANG_ENABLE_OBJC_ARC = YES;
				CLANG_ENABLE_OBJC_WEAK = YES;
				CLANG_WARN_BLOCK_CAPTURE_AUTORELEASING = YES;
				CLANG_WARN_BOOL_CONVERSION = YES;
				CLANG_WARN_COMMA = YES;
				CLANG_WARN_CONSTANT_CONVERSION = YES;
				CLANG_WARN_DEPRECATED_OBJC_IMPLEMENTATIONS = YES;
				CLANG_WARN_DIRECT_OBJC_ISA_USAGE = YES_ERROR;
				CLANG_WARN_DOCUMENTATION_COMMENTS = YES;
				CLANG_WARN_EMPTY_BODY = YES;
				CLANG_WARN_ENUM_CONVERSION = YES;
				CLANG_WARN_INFINITE_RECURSION = YES;
				CLANG_WARN_INT_CONVERSION = YES;
				CLANG_WARN_NON_LITERAL_NULL_CONVERSION = YES;
				CLANG_WARN_OBJC_IMPLICIT_RETAIN_SELF = YES;
				CLANG_WARN_OBJC_LITERAL_CONVERSION = YES;
				CLANG_WARN_OBJC_ROOT_CLASS = YES_ERROR;
				CLANG_WARN_RANGE_LOOP_ANALYSIS = YES;
				CLANG_WARN_STRICT_PROTOTYPES = YES;
				CLANG_WARN_SUSPICIOUS_MOVE = YES;
				CLANG_WARN_UNGUARDED_AVAILABILITY = YES_AGGRESSIVE;
				CLANG_WARN_UNREACHABLE_CODE = YES;
				CLANG_WARN__DUPLICATE_METHOD_MATCH = YES;
				COPY_PHASE_STRIP = NO;
				DEBUG_INFORMATION_FORMAT = dwarf;
				ENABLE_STRICT_OBJC_MSGSEND = YES;
				ENABLE_TESTABILITY = YES;
				GCC_C_LANGUAGE_STANDARD = gnu11;
				GCC_DYNAMIC_NO_PIC = NO;
				GCC_NO_COMMON_BLOCKS = YES;
				GCC_OPTIMIZATION_LEVEL = 0;
				GCC_PREPROCESSOR_DEFINITIONS = (
					"DEBUG=1",
					"$(inherited)",
				);
				GCC_WARN_64_TO_32_BIT_CONVERSION = YES;
				GCC_WARN_ABOUT_RETURN_TYPE = YES_ERROR;
				GCC_WARN_UNDECLARED_SELECTOR = YES;
				GCC_WARN_UNINITIALIZED_AUTOS = YES_AGGRESSIVE;
				GCC_WARN_UNUSED_FUNCTION = YES;
				GCC_WARN_UNUSED_VARIABLE = YES;
				IPHONEOS_DEPLOYMENT_TARGET = 13.2;
				MTL_ENABLE_DEBUG_INFO = INCLUDE_SOURCE;
				MTL_FAST_MATH = YES;
				ONLY_ACTIVE_ARCH = YES;
				SDKROOT = iphoneos;
				SWIFT_ACTIVE_COMPILATION_CONDITIONS = DEBUG;
				SWIFT_OPTIMIZATION_LEVEL = "-Onone";
			};
			name = Debug;
		};
		60BE86BF242CE0E300A19CDC /* Release */ = {
			isa = XCBuildConfiguration;
			buildSettings = {
				ALWAYS_SEARCH_USER_PATHS = NO;
				CLANG_ANALYZER_NONNULL = YES;
				CLANG_ANALYZER_NUMBER_OBJECT_CONVERSION = YES_AGGRESSIVE;
				CLANG_CXX_LANGUAGE_STANDARD = "gnu++14";
				CLANG_CXX_LIBRARY = "libc++";
				CLANG_ENABLE_MODULES = YES;
				CLANG_ENABLE_OBJC_ARC = YES;
				CLANG_ENABLE_OBJC_WEAK = YES;
				CLANG_WARN_BLOCK_CAPTURE_AUTORELEASING = YES;
				CLANG_WARN_BOOL_CONVERSION = YES;
				CLANG_WARN_COMMA = YES;
				CLANG_WARN_CONSTANT_CONVERSION = YES;
				CLANG_WARN_DEPRECATED_OBJC_IMPLEMENTATIONS = YES;
				CLANG_WARN_DIRECT_OBJC_ISA_USAGE = YES_ERROR;
				CLANG_WARN_DOCUMENTATION_COMMENTS = YES;
				CLANG_WARN_EMPTY_BODY = YES;
				CLANG_WARN_ENUM_CONVERSION = YES;
				CLANG_WARN_INFINITE_RECURSION = YES;
				CLANG_WARN_INT_CONVERSION = YES;
				CLANG_WARN_NON_LITERAL_NULL_CONVERSION = YES;
				CLANG_WARN_OBJC_IMPLICIT_RETAIN_SELF = YES;
				CLANG_WARN_OBJC_LITERAL_CONVERSION = YES;
				CLANG_WARN_OBJC_ROOT_CLASS = YES_ERROR;
				CLANG_WARN_RANGE_LOOP_ANALYSIS = YES;
				CLANG_WARN_STRICT_PROTOTYPES = YES;
				CLANG_WARN_SUSPICIOUS_MOVE = YES;
				CLANG_WARN_UNGUARDED_AVAILABILITY = YES_AGGRESSIVE;
				CLANG_WARN_UNREACHABLE_CODE = YES;
				CLANG_WARN__DUPLICATE_METHOD_MATCH = YES;
				COPY_PHASE_STRIP = NO;
				DEBUG_INFORMATION_FORMAT = "dwarf-with-dsym";
				ENABLE_NS_ASSERTIONS = NO;
				ENABLE_STRICT_OBJC_MSGSEND = YES;
				GCC_C_LANGUAGE_STANDARD = gnu11;
				GCC_NO_COMMON_BLOCKS = YES;
				GCC_WARN_64_TO_32_BIT_CONVERSION = YES;
				GCC_WARN_ABOUT_RETURN_TYPE = YES_ERROR;
				GCC_WARN_UNDECLARED_SELECTOR = YES;
				GCC_WARN_UNINITIALIZED_AUTOS = YES_AGGRESSIVE;
				GCC_WARN_UNUSED_FUNCTION = YES;
				GCC_WARN_UNUSED_VARIABLE = YES;
				IPHONEOS_DEPLOYMENT_TARGET = 13.2;
				MTL_ENABLE_DEBUG_INFO = NO;
				MTL_FAST_MATH = YES;
				SDKROOT = iphoneos;
				SWIFT_COMPILATION_MODE = wholemodule;
				SWIFT_OPTIMIZATION_LEVEL = "-O";
				VALIDATE_PRODUCT = YES;
			};
			name = Release;
		};
		60BE86C1242CE0E300A19CDC /* Debug */ = {
			isa = XCBuildConfiguration;
			buildSettings = {
				ASSETCATALOG_COMPILER_APPICON_NAME = AppIcon;
				CODE_SIGN_STYLE = Automatic;
				DEVELOPMENT_ASSET_PATHS = "\"PalindromeChecker/Preview Content\"";
				ENABLE_PREVIEWS = YES;
				INFOPLIST_FILE = PalindromeChecker/Info.plist;
				LD_RUNPATH_SEARCH_PATHS = (
					"$(inherited)",
					"@executable_path/Frameworks",
				);
				PRODUCT_BUNDLE_IDENTIFIER = com.alluds.PalindromeChecker;
				PRODUCT_NAME = "$(TARGET_NAME)";
				SWIFT_VERSION = 5.0;
				TARGETED_DEVICE_FAMILY = "1,2";
			};
			name = Debug;
		};
		60BE86C2242CE0E300A19CDC /* Release */ = {
			isa = XCBuildConfiguration;
			buildSettings = {
				ASSETCATALOG_COMPILER_APPICON_NAME = AppIcon;
				CODE_SIGN_STYLE = Automatic;
				DEVELOPMENT_ASSET_PATHS = "\"PalindromeChecker/Preview Content\"";
				ENABLE_PREVIEWS = YES;
				INFOPLIST_FILE = PalindromeChecker/Info.plist;
				LD_RUNPATH_SEARCH_PATHS = (
					"$(inherited)",
					"@executable_path/Frameworks",
				);
				PRODUCT_BUNDLE_IDENTIFIER = com.alluds.PalindromeChecker;
				PRODUCT_NAME = "$(TARGET_NAME)";
				SWIFT_VERSION = 5.0;
				TARGETED_DEVICE_FAMILY = "1,2";
			};
			name = Release;
		};
		60BE86C4242CE0E300A19CDC /* Debug */ = {
			isa = XCBuildConfiguration;
			buildSettings = {
				ALWAYS_EMBED_SWIFT_STANDARD_LIBRARIES = YES;
				BUNDLE_LOADER = "$(TEST_HOST)";
				CODE_SIGN_STYLE = Automatic;
				INFOPLIST_FILE = PalindromeCheckerTests/Info.plist;
				IPHONEOS_DEPLOYMENT_TARGET = 13.2;
				LD_RUNPATH_SEARCH_PATHS = (
					"$(inherited)",
					"@executable_path/Frameworks",
					"@loader_path/Frameworks",
				);
				PRODUCT_BUNDLE_IDENTIFIER = com.alluds.PalindromeCheckerTests;
				PRODUCT_NAME = "$(TARGET_NAME)";
				SWIFT_VERSION = 5.0;
				TARGETED_DEVICE_FAMILY = "1,2";
				TEST_HOST = "$(BUILT_PRODUCTS_DIR)/PalindromeChecker.app/PalindromeChecker";
			};
			name = Debug;
		};
		60BE86C5242CE0E300A19CDC /* Release */ = {
			isa = XCBuildConfiguration;
			buildSettings = {
				ALWAYS_EMBED_SWIFT_STANDARD_LIBRARIES = YES;
				BUNDLE_LOADER = "$(TEST_HOST)";
				CODE_SIGN_STYLE = Automatic;
				INFOPLIST_FILE = PalindromeCheckerTests/Info.plist;
				IPHONEOS_DEPLOYMENT_TARGET = 13.2;
				LD_RUNPATH_SEARCH_PATHS = (
					"$(inherited)",
					"@executable_path/Frameworks",
					"@loader_path/Frameworks",
				);
				PRODUCT_BUNDLE_IDENTIFIER = com.alluds.PalindromeCheckerTests;
				PRODUCT_NAME = "$(TARGET_NAME)";
				SWIFT_VERSION = 5.0;
				TARGETED_DEVICE_FAMILY = "1,2";
				TEST_HOST = "$(BUILT_PRODUCTS_DIR)/PalindromeChecker.app/PalindromeChecker";
			};
			name = Release;
		};
/* End XCBuildConfiguration section */

/* Begin XCConfigurationList section */
		60BE8699242CE0DF00A19CDC /* Build configuration list for PBXProject "PalindromeChecker" */ = {
			isa = XCConfigurationList;
			buildConfigurations = (
				60BE86BE242CE0E300A19CDC /* Debug */,
				60BE86BF242CE0E300A19CDC /* Release */,
			);
			defaultConfigurationIsVisible = 0;
			defaultConfigurationName = Release;
		};
		60BE86C0242CE0E300A19CDC /* Build configuration list for PBXNativeTarget "PalindromeChecker" */ = {
			isa = XCConfigurationList;
			buildConfigurations = (
				60BE86C1242CE0E300A19CDC /* Debug */,
				60BE86C2242CE0E300A19CDC /* Release */,
			);
			defaultConfigurationIsVisible = 0;
			defaultConfigurationName = Release;
		};
		60BE86C3242CE0E300A19CDC /* Build configuration list for PBXNativeTarget "PalindromeCheckerTests" */ = {
			isa = XCConfigurationList;
			buildConfigurations = (
				60BE86C4242CE0E300A19CDC /* Debug */,
				60BE86C5242CE0E300A19CDC /* Release */,
			);
			defaultConfigurationIsVisible = 0;
			defaultConfigurationName = Release;
		};
/* End XCConfigurationList section */

/* Begin XCVersionGroup section */
		60BE86A5242CE0DF00A19CDC /* PalindromeChecker.xcdatamodeld */ = {
			isa = XCVersionGroup;
			children = (
				60BE86A6242CE0DF00A19CDC /* PalindromeChecker.xcdatamodel */,
			);
			currentVersion = 60BE86A6242CE0DF00A19CDC /* PalindromeChecker.xcdatamodel */;
			path = PalindromeChecker.xcdatamodeld;
			sourceTree = "<group>";
			versionGroupType = wrapper.xcdatamodel;
		};
/* End XCVersionGroup section */
	};
	rootObject = 60BE8696242CE0DF00A19CDC /* Project object */;
}
